
Microsoft Visual Studio Solution File, Format Version 12.00
# Visual Studio Version 16
VisualStudioVersion = 16.0.29728.190
MinimumVisualStudioVersion = 10.0.40219.1
Project("{9A19103F-16F7-4668-BE54-9A1E7A4F7556}") = "ObjectPool.Lib", "ObjectPool.Lib\ObjectPool.Lib.csproj", "{A68DFA56-D96A-4717-9B76-D8182EF4BBAE}"
EndProject
Project("{9A19103F-16F7-4668-BE54-9A1E7A4F7556}") = "ObjectPool.UnitTests", "ObjectPool.UnitTests\ObjectPool.UnitTests.csproj", "{B9CE84BF-3481-4B3C-B60F-E119FC5EFD73}"
EndProject
Project("{FAE04EC0-301F-11D3-BF4B-00C04F79EFBC}") = "ObjectPool.Example", "ObjectPool.Example\ObjectPool.Example.csproj", "{559BC1A8-E74C-4487-8B4F-FF05F04C25E1}"
EndProject
Global
	GlobalSection(SolutionConfigurationPlatforms) = preSolution
		Debug|Any CPU = Debug|Any CPU
		Release|Any CPU = Release|Any CPU
	EndGlobalSection
	GlobalSection(ProjectConfigurationPlatforms) = postSolution
		{A68DFA56-D96A-4717-9B76-D8182EF4BBAE}.Debug|Any CPU.ActiveCfg = Debug|Any CPU
		{A68DFA56-D96A-4717-9B76-D8182EF4BBAE}.Debug|Any CPU.Build.0 = Debug|Any CPU
		{A68DFA56-D96A-4717-9B76-D8182EF4BBAE}.Release|Any CPU.ActiveCfg = Release|Any CPU
		{A68DFA56-D96A-4717-9B76-D8182EF4BBAE}.Release|Any CPU.Build.0 = Release|Any CPU
		{B9CE84BF-3481-4B3C-B60F-E119FC5EFD73}.Debug|Any CPU.ActiveCfg = Debug|Any CPU
		{B9CE84BF-3481-4B3C-B60F-E119FC5EFD73}.Debug|Any CPU.Build.0 = Debug|Any CPU
		{B9CE84BF-3481-4B3C-B60F-E119FC5EFD73}.Release|Any CPU.ActiveCfg = Release|Any CPU
		{B9CE84BF-3481-4B3C-B60F-E119FC5EFD73}.Release|Any CPU.Build.0 = Release|Any CPU
		{559BC1A8-E74C-4487-8B4F-FF05F04C25E1}.Debug|Any CPU.ActiveCfg = Debug|Any CPU
		{559BC1A8-E74C-4487-8B4F-FF05F04C25E1}.Debug|Any CPU.Build.0 = Debug|Any CPU
		{559BC1A8-E74C-4487-8B4F-FF05F04C25E1}.Release|Any CPU.ActiveCfg = Release|Any CPU
		{559BC1A8-E74C-4487-8B4F-FF05F04C25E1}.Release|Any CPU.Build.0 = Release|Any CPU
	EndGlobalSection
	GlobalSection(SolutionProperties) = preSolution
		HideSolutionNode = FALSE
	EndGlobalSection
	GlobalSection(ExtensibilityGlobals) = postSolution
		SolutionGuid = {69345AA5-12AB-4823-9EEF-DED271EF6A50}
	EndGlobalSection
EndGlobal
